
Microsoft Visual Studio Solution File, Format Version 12.00
# Visual Studio 15
VisualStudioVersion = 15.0.28010.2026
MinimumVisualStudioVersion = 10.0.40219.1
Project("{FAE04EC0-301F-11D3-BF4B-00C04F79EFBC}") = "mDiabTools.Android", "mDiabTools\mDiabTools.Android\mDiabTools.Android.csproj", "{8030ABA3-F8D9-4F7B-82A2-38385DF41362}"
EndProject
Project("{FAE04EC0-301F-11D3-BF4B-00C04F79EFBC}") = "mDiabTools.iOS", "mDiabTools\mDiabTools.iOS\mDiabTools.iOS.csproj", "{0EFA7910-F86D-4FF1-BDA0-FEDBD2E7954B}"
EndProject
Project("{FAE04EC0-301F-11D3-BF4B-00C04F79EFBC}") = "mDiabTools.UWP", "mDiabTools\mDiabTools.UWP\mDiabTools.UWP.csproj", "{76A7BA8E-D05B-464A-B252-C89E3126E01A}"
EndProject
Project("{FAE04EC0-301F-11D3-BF4B-00C04F79EFBC}") = "mDiabTools.MobileAppService", "mDiabTools\mDiabTools.MobileAppService\mDiabTools.MobileAppService.csproj", "{17BF91D1-5AB5-437D-B3F3-E25EFE089FA2}"
EndProject
Project("{D954291E-2A0B-460D-934E-DC6B0785DB48}") = "mDiabTools", "mDiabTools\mDiabTools\mDiabTools.shproj", "{2A970A24-2624-41D7-8010-0180E0920A6E}"
EndProject
Global
	GlobalSection(SharedMSBuildProjectFiles) = preSolution
		mDiabTools\mDiabTools\mDiabTools.projitems*{0efa7910-f86d-4ff1-bda0-fedbd2e7954b}*SharedItemsImports = 4
		mDiabTools\mDiabTools\mDiabTools.projitems*{2a970a24-2624-41d7-8010-0180e0920a6e}*SharedItemsImports = 13
		mDiabTools\mDiabTools\mDiabTools.projitems*{76a7ba8e-d05b-464a-b252-c89e3126e01a}*SharedItemsImports = 4
		mDiabTools\mDiabTools\mDiabTools.projitems*{8030aba3-f8d9-4f7b-82a2-38385df41362}*SharedItemsImports = 4
	EndGlobalSection
	GlobalSection(SolutionConfigurationPlatforms) = preSolution
		Debug|Any CPU = Debug|Any CPU
		Debug|ARM = Debug|ARM
		Debug|iPhone = Debug|iPhone
		Debug|iPhoneSimulator = Debug|iPhoneSimulator
		Debug|x64 = Debug|x64
		Debug|x86 = Debug|x86
		Release|Any CPU = Release|Any CPU
		Release|ARM = Release|ARM
		Release|iPhone = Release|iPhone
		Release|iPhoneSimulator = Release|iPhoneSimulator
		Release|x64 = Release|x64
		Release|x86 = Release|x86
	EndGlobalSection
	GlobalSection(ProjectConfigurationPlatforms) = postSolution
		{8030ABA3-F8D9-4F7B-82A2-38385DF41362}.Debug|Any CPU.ActiveCfg = Debug|Any CPU
		{8030ABA3-F8D9-4F7B-82A2-38385DF41362}.Debug|Any CPU.Build.0 = Debug|Any CPU
		{8030ABA3-F8D9-4F7B-82A2-38385DF41362}.Debug|Any CPU.Deploy.0 = Debug|Any CPU
		{8030ABA3-F8D9-4F7B-82A2-38385DF41362}.Debug|ARM.ActiveCfg = Debug|Any CPU
		{8030ABA3-F8D9-4F7B-82A2-38385DF41362}.Debug|ARM.Build.0 = Debug|Any CPU
		{8030ABA3-F8D9-4F7B-82A2-38385DF41362}.Debug|ARM.Deploy.0 = Debug|Any CPU
		{8030ABA3-F8D9-4F7B-82A2-38385DF41362}.Debug|iPhone.ActiveCfg = Debug|Any CPU
		{8030ABA3-F8D9-4F7B-82A2-38385DF41362}.Debug|iPhone.Build.0 = Debug|Any CPU
		{8030ABA3-F8D9-4F7B-82A2-38385DF41362}.Debug|iPhone.Deploy.0 = Debug|Any CPU
		{8030ABA3-F8D9-4F7B-82A2-38385DF41362}.Debug|iPhoneSimulator.ActiveCfg = Debug|Any CPU
		{8030ABA3-F8D9-4F7B-82A2-38385DF41362}.Debug|iPhoneSimulator.Build.0 = Debug|Any CPU
		{8030ABA3-F8D9-4F7B-82A2-38385DF41362}.Debug|iPhoneSimulator.Deploy.0 = Debug|Any CPU
		{8030ABA3-F8D9-4F7B-82A2-38385DF41362}.Debug|x64.ActiveCfg = Debug|Any CPU
		{8030ABA3-F8D9-4F7B-82A2-38385DF41362}.Debug|x64.Build.0 = Debug|Any CPU
		{8030ABA3-F8D9-4F7B-82A2-38385DF41362}.Debug|x64.Deploy.0 = Debug|Any CPU
		{8030ABA3-F8D9-4F7B-82A2-38385DF41362}.Debug|x86.ActiveCfg = Debug|Any CPU
		{8030ABA3-F8D9-4F7B-82A2-38385DF41362}.Debug|x86.Build.0 = Debug|Any CPU
		{8030ABA3-F8D9-4F7B-82A2-38385DF41362}.Debug|x86.Deploy.0 = Debug|Any CPU
		{8030ABA3-F8D9-4F7B-82A2-38385DF41362}.Release|Any CPU.ActiveCfg = Release|Any CPU
		{8030ABA3-F8D9-4F7B-82A2-38385DF41362}.Release|Any CPU.Build.0 = Release|Any CPU
		{8030ABA3-F8D9-4F7B-82A2-38385DF41362}.Release|Any CPU.Deploy.0 = Release|Any CPU
		{8030ABA3-F8D9-4F7B-82A2-38385DF41362}.Release|ARM.ActiveCfg = Release|Any CPU
		{8030ABA3-F8D9-4F7B-82A2-38385DF41362}.Release|ARM.Build.0 = Release|Any CPU
		{8030ABA3-F8D9-4F7B-82A2-38385DF41362}.Release|ARM.Deploy.0 = Release|Any CPU
		{8030ABA3-F8D9-4F7B-82A2-38385DF41362}.Release|iPhone.ActiveCfg = Release|Any CPU
		{8030ABA3-F8D9-4F7B-82A2-38385DF41362}.Release|iPhone.Build.0 = Release|Any CPU
		{8030ABA3-F8D9-4F7B-82A2-38385DF41362}.Release|iPhone.Deploy.0 = Release|Any CPU
		{8030ABA3-F8D9-4F7B-82A2-38385DF41362}.Release|iPhoneSimulator.ActiveCfg = Release|Any CPU
		{8030ABA3-F8D9-4F7B-82A2-38385DF41362}.Release|iPhoneSimulator.Build.0 = Release|Any CPU
		{8030ABA3-F8D9-4F7B-82A2-38385DF41362}.Release|iPhoneSimulator.Deploy.0 = Release|Any CPU
		{8030ABA3-F8D9-4F7B-82A2-38385DF41362}.Release|x64.ActiveCfg = Release|Any CPU
		{8030ABA3-F8D9-4F7B-82A2-38385DF41362}.Release|x64.Build.0 = Release|Any CPU
		{8030ABA3-F8D9-4F7B-82A2-38385DF41362}.Release|x64.Deploy.0 = Release|Any CPU
		{8030ABA3-F8D9-4F7B-82A2-38385DF41362}.Release|x86.ActiveCfg = Release|Any CPU
		{8030ABA3-F8D9-4F7B-82A2-38385DF41362}.Release|x86.Build.0 = Release|Any CPU
		{8030ABA3-F8D9-4F7B-82A2-38385DF41362}.Release|x86.Deploy.0 = Release|Any CPU
		{0EFA7910-F86D-4FF1-BDA0-FEDBD2E7954B}.Debug|Any CPU.ActiveCfg = Debug|iPhoneSimulator
		{0EFA7910-F86D-4FF1-BDA0-FEDBD2E7954B}.Debug|Any CPU.Build.0 = Debug|iPhoneSimulator
		{0EFA7910-F86D-4FF1-BDA0-FEDBD2E7954B}.Debug|Any CPU.Deploy.0 = Debug|iPhoneSimulator
		{0EFA7910-F86D-4FF1-BDA0-FEDBD2E7954B}.Debug|ARM.ActiveCfg = Debug|iPhone
		{0EFA7910-F86D-4FF1-BDA0-FEDBD2E7954B}.Debug|ARM.Build.0 = Debug|iPhone
		{0EFA7910-F86D-4FF1-BDA0-FEDBD2E7954B}.Debug|ARM.Deploy.0 = Debug|iPhone
		{0EFA7910-F86D-4FF1-BDA0-FEDBD2E7954B}.Debug|iPhone.ActiveCfg = Debug|iPhone
		{0EFA7910-F86D-4FF1-BDA0-FEDBD2E7954B}.Debug|iPhone.Build.0 = Debug|iPhone
		{0EFA7910-F86D-4FF1-BDA0-FEDBD2E7954B}.Debug|iPhone.Deploy.0 = Debug|iPhone
		{0EFA7910-F86D-4FF1-BDA0-FEDBD2E7954B}.Debug|iPhoneSimulator.ActiveCfg = Debug|iPhoneSimulator
		{0EFA7910-F86D-4FF1-BDA0-FEDBD2E7954B}.Debug|iPhoneSimulator.Build.0 = Debug|iPhoneSimulator
		{0EFA7910-F86D-4FF1-BDA0-FEDBD2E7954B}.Debug|iPhoneSimulator.Deploy.0 = Debug|iPhoneSimulator
		{0EFA7910-F86D-4FF1-BDA0-FEDBD2E7954B}.Debug|x64.ActiveCfg = Debug|iPhone
		{0EFA7910-F86D-4FF1-BDA0-FEDBD2E7954B}.Debug|x64.Build.0 = Debug|iPhone
		{0EFA7910-F86D-4FF1-BDA0-FEDBD2E7954B}.Debug|x64.Deploy.0 = Debug|iPhone
		{0EFA7910-F86D-4FF1-BDA0-FEDBD2E7954B}.Debug|x86.ActiveCfg = Debug|iPhone
		{0EFA7910-F86D-4FF1-BDA0-FEDBD2E7954B}.Debug|x86.Build.0 = Debug|iPhone
		{0EFA7910-F86D-4FF1-BDA0-FEDBD2E7954B}.Debug|x86.Deploy.0 = Debug|iPhone
		{0EFA7910-F86D-4FF1-BDA0-FEDBD2E7954B}.Release|Any CPU.ActiveCfg = Release|iPhone
		{0EFA7910-F86D-4FF1-BDA0-FEDBD2E7954B}.Release|Any CPU.Build.0 = Release|iPhone
		{0EFA7910-F86D-4FF1-BDA0-FEDBD2E7954B}.Release|Any CPU.Deploy.0 = Release|iPhone
		{0EFA7910-F86D-4FF1-BDA0-FEDBD2E7954B}.Release|ARM.ActiveCfg = Release|iPhone
		{0EFA7910-F86D-4FF1-BDA0-FEDBD2E7954B}.Release|ARM.Build.0 = Release|iPhone
		{0EFA7910-F86D-4FF1-BDA0-FEDBD2E7954B}.Release|ARM.Deploy.0 = Release|iPhone
		{0EFA7910-F86D-4FF1-BDA0-FEDBD2E7954B}.Release|iPhone.ActiveCfg = Release|iPhone
		{0EFA7910-F86D-4FF1-BDA0-FEDBD2E7954B}.Release|iPhone.Build.0 = Release|iPhone
		{0EFA7910-F86D-4FF1-BDA0-FEDBD2E7954B}.Release|iPhone.Deploy.0 = Release|iPhone
		{0EFA7910-F86D-4FF1-BDA0-FEDBD2E7954B}.Release|iPhoneSimulator.ActiveCfg = Release|iPhoneSimulator
		{0EFA7910-F86D-4FF1-BDA0-FEDBD2E7954B}.Release|iPhoneSimulator.Build.0 = Release|iPhoneSimulator
		{0EFA7910-F86D-4FF1-BDA0-FEDBD2E7954B}.Release|iPhoneSimulator.Deploy.0 = Release|iPhoneSimulator
		{0EFA7910-F86D-4FF1-BDA0-FEDBD2E7954B}.Release|x64.ActiveCfg = Release|iPhone
		{0EFA7910-F86D-4FF1-BDA0-FEDBD2E7954B}.Release|x64.Build.0 = Release|iPhone
		{0EFA7910-F86D-4FF1-BDA0-FEDBD2E7954B}.Release|x64.Deploy.0 = Release|iPhone
		{0EFA7910-F86D-4FF1-BDA0-FEDBD2E7954B}.Release|x86.ActiveCfg = Release|iPhone
		{0EFA7910-F86D-4FF1-BDA0-FEDBD2E7954B}.Release|x86.Build.0 = Release|iPhone
		{0EFA7910-F86D-4FF1-BDA0-FEDBD2E7954B}.Release|x86.Deploy.0 = Release|iPhone
		{76A7BA8E-D05B-464A-B252-C89E3126E01A}.Debug|Any CPU.ActiveCfg = Debug|x86
		{76A7BA8E-D05B-464A-B252-C89E3126E01A}.Debug|Any CPU.Build.0 = Debug|x86
		{76A7BA8E-D05B-464A-B252-C89E3126E01A}.Debug|Any CPU.Deploy.0 = Debug|x86
		{76A7BA8E-D05B-464A-B252-C89E3126E01A}.Debug|ARM.ActiveCfg = Debug|ARM
		{76A7BA8E-D05B-464A-B252-C89E3126E01A}.Debug|ARM.Build.0 = Debug|ARM
		{76A7BA8E-D05B-464A-B252-C89E3126E01A}.Debug|ARM.Deploy.0 = Debug|ARM
		{76A7BA8E-D05B-464A-B252-C89E3126E01A}.Debug|iPhone.ActiveCfg = Debug|x86
		{76A7BA8E-D05B-464A-B252-C89E3126E01A}.Debug|iPhone.Build.0 = Debug|x86
		{76A7BA8E-D05B-464A-B252-C89E3126E01A}.Debug|iPhone.Deploy.0 = Debug|x86
		{76A7BA8E-D05B-464A-B252-C89E3126E01A}.Debug|iPhoneSimulator.ActiveCfg = Debug|x86
		{76A7BA8E-D05B-464A-B252-C89E3126E01A}.Debug|iPhoneSimulator.Build.0 = Debug|x86
		{76A7BA8E-D05B-464A-B252-C89E3126E01A}.Debug|iPhoneSimulator.Deploy.0 = Debug|x86
		{76A7BA8E-D05B-464A-B252-C89E3126E01A}.Debug|x64.ActiveCfg = Debug|x64
		{76A7BA8E-D05B-464A-B252-C89E3126E01A}.Debug|x64.Build.0 = Debug|x64
		{76A7BA8E-D05B-464A-B252-C89E3126E01A}.Debug|x64.Deploy.0 = Debug|x64
		{76A7BA8E-D05B-464A-B252-C89E3126E01A}.Debug|x86.ActiveCfg = Debug|x86
		{76A7BA8E-D05B-464A-B252-C89E3126E01A}.Debug|x86.Build.0 = Debug|x86
		{76A7BA8E-D05B-464A-B252-C89E3126E01A}.Debug|x86.Deploy.0 = Debug|x86
		{76A7BA8E-D05B-464A-B252-C89E3126E01A}.Release|Any CPU.ActiveCfg = Release|x86
		{76A7BA8E-D05B-464A-B252-C89E3126E01A}.Release|Any CPU.Build.0 = Release|x86
		{76A7BA8E-D05B-464A-B252-C89E3126E01A}.Release|Any CPU.Deploy.0 = Release|x86
		{76A7BA8E-D05B-464A-B252-C89E3126E01A}.Release|ARM.ActiveCfg = Release|ARM
		{76A7BA8E-D05B-464A-B252-C89E3126E01A}.Release|ARM.Build.0 = Release|ARM
		{76A7BA8E-D05B-464A-B252-C89E3126E01A}.Release|ARM.Deploy.0 = Release|ARM
		{76A7BA8E-D05B-464A-B252-C89E3126E01A}.Release|iPhone.ActiveCfg = Release|x86
		{76A7BA8E-D05B-464A-B252-C89E3126E01A}.Release|iPhone.Build.0 = Release|x86
		{76A7BA8E-D05B-464A-B252-C89E3126E01A}.Release|iPhone.Deploy.0 = Release|x86
		{76A7BA8E-D05B-464A-B252-C89E3126E01A}.Release|iPhoneSimulator.ActiveCfg = Release|x86
		{76A7BA8E-D05B-464A-B252-C89E3126E01A}.Release|iPhoneSimulator.Build.0 = Release|x86
		{76A7BA8E-D05B-464A-B252-C89E3126E01A}.Release|iPhoneSimulator.Deploy.0 = Release|x86
		{76A7BA8E-D05B-464A-B252-C89E3126E01A}.Release|x64.ActiveCfg = Release|x64
		{76A7BA8E-D05B-464A-B252-C89E3126E01A}.Release|x64.Build.0 = Release|x64
		{76A7BA8E-D05B-464A-B252-C89E3126E01A}.Release|x64.Deploy.0 = Release|x64
		{76A7BA8E-D05B-464A-B252-C89E3126E01A}.Release|x86.ActiveCfg = Release|x86
		{76A7BA8E-D05B-464A-B252-C89E3126E01A}.Release|x86.Build.0 = Release|x86
		{76A7BA8E-D05B-464A-B252-C89E3126E01A}.Release|x86.Deploy.0 = Release|x86
		{17BF91D1-5AB5-437D-B3F3-E25EFE089FA2}.Debug|Any CPU.ActiveCfg = Debug|Any CPU
		{17BF91D1-5AB5-437D-B3F3-E25EFE089FA2}.Debug|Any CPU.Build.0 = Debug|Any CPU
		{17BF91D1-5AB5-437D-B3F3-E25EFE089FA2}.Debug|Any CPU.Deploy.0 = Debug|Any CPU
		{17BF91D1-5AB5-437D-B3F3-E25EFE089FA2}.Debug|ARM.ActiveCfg = Debug|Any CPU
		{17BF91D1-5AB5-437D-B3F3-E25EFE089FA2}.Debug|ARM.Build.0 = Debug|Any CPU
		{17BF91D1-5AB5-437D-B3F3-E25EFE089FA2}.Debug|ARM.Deploy.0 = Debug|Any CPU
		{17BF91D1-5AB5-437D-B3F3-E25EFE089FA2}.Debug|iPhone.ActiveCfg = Debug|Any CPU
		{17BF91D1-5AB5-437D-B3F3-E25EFE089FA2}.Debug|iPhone.Build.0 = Debug|Any CPU
		{17BF91D1-5AB5-437D-B3F3-E25EFE089FA2}.Debug|iPhone.Deploy.0 = Debug|Any CPU
		{17BF91D1-5AB5-437D-B3F3-E25EFE089FA2}.Debug|iPhoneSimulator.ActiveCfg = Debug|Any CPU
		{17BF91D1-5AB5-437D-B3F3-E25EFE089FA2}.Debug|iPhoneSimulator.Build.0 = Debug|Any CPU
		{17BF91D1-5AB5-437D-B3F3-E25EFE089FA2}.Debug|iPhoneSimulator.Deploy.0 = Debug|Any CPU
		{17BF91D1-5AB5-437D-B3F3-E25EFE089FA2}.Debug|x64.ActiveCfg = Debug|Any CPU
		{17BF91D1-5AB5-437D-B3F3-E25EFE089FA2}.Debug|x64.Build.0 = Debug|Any CPU
		{17BF91D1-5AB5-437D-B3F3-E25EFE089FA2}.Debug|x64.Deploy.0 = Debug|Any CPU
		{17BF91D1-5AB5-437D-B3F3-E25EFE089FA2}.Debug|x86.ActiveCfg = Debug|Any CPU
		{17BF91D1-5AB5-437D-B3F3-E25EFE089FA2}.Debug|x86.Build.0 = Debug|Any CPU
		{17BF91D1-5AB5-437D-B3F3-E25EFE089FA2}.Debug|x86.Deploy.0 = Debug|Any CPU
		{17BF91D1-5AB5-437D-B3F3-E25EFE089FA2}.Release|Any CPU.ActiveCfg = Release|Any CPU
		{17BF91D1-5AB5-437D-B3F3-E25EFE089FA2}.Release|Any CPU.Build.0 = Release|Any CPU
		{17BF91D1-5AB5-437D-B3F3-E25EFE089FA2}.Release|Any CPU.Deploy.0 = Release|Any CPU
		{17BF91D1-5AB5-437D-B3F3-E25EFE089FA2}.Release|ARM.ActiveCfg = Release|Any CPU
		{17BF91D1-5AB5-437D-B3F3-E25EFE089FA2}.Release|ARM.Build.0 = Release|Any CPU
		{17BF91D1-5AB5-437D-B3F3-E25EFE089FA2}.Release|ARM.Deploy.0 = Release|Any CPU
		{17BF91D1-5AB5-437D-B3F3-E25EFE089FA2}.Release|iPhone.ActiveCfg = Release|Any CPU
		{17BF91D1-5AB5-437D-B3F3-E25EFE089FA2}.Release|iPhone.Build.0 = Release|Any CPU
		{17BF91D1-5AB5-437D-B3F3-E25EFE089FA2}.Release|iPhone.Deploy.0 = Release|Any CPU
		{17BF91D1-5AB5-437D-B3F3-E25EFE089FA2}.Release|iPhoneSimulator.ActiveCfg = Release|Any CPU
		{17BF91D1-5AB5-437D-B3F3-E25EFE089FA2}.Release|iPhoneSimulator.Build.0 = Release|Any CPU
		{17BF91D1-5AB5-437D-B3F3-E25EFE089FA2}.Release|iPhoneSimulator.Deploy.0 = Release|Any CPU
		{17BF91D1-5AB5-437D-B3F3-E25EFE089FA2}.Release|x64.ActiveCfg = Release|Any CPU
		{17BF91D1-5AB5-437D-B3F3-E25EFE089FA2}.Release|x64.Build.0 = Release|Any CPU
		{17BF91D1-5AB5-437D-B3F3-E25EFE089FA2}.Release|x64.Deploy.0 = Release|Any CPU
		{17BF91D1-5AB5-437D-B3F3-E25EFE089FA2}.Release|x86.ActiveCfg = Release|Any CPU
		{17BF91D1-5AB5-437D-B3F3-E25EFE089FA2}.Release|x86.Build.0 = Release|Any CPU
		{17BF91D1-5AB5-437D-B3F3-E25EFE089FA2}.Release|x86.Deploy.0 = Release|Any CPU
	EndGlobalSection
	GlobalSection(SolutionProperties) = preSolution
		HideSolutionNode = FALSE
	EndGlobalSection
	GlobalSection(ExtensibilityGlobals) = postSolution
		SolutionGuid = {FA80130E-6398-47A0-9924-C4C66E17F15C}
	EndGlobalSection
EndGlobal
